
Microsoft Visual Studio Solution File, Format Version 12.00
# Visual Studio Version 17
VisualStudioVersion = 17.1.32421.90
MinimumVisualStudioVersion = 10.0.40219.1
Project("{FAE04EC0-301F-11D3-BF4B-00C04F79EFBC}") = "PizzaAPI", "PizzaAPI\PizzaAPI.csproj", "{4D458D3A-78D7-49AC-97F2-ADBEC9D6F677}"
EndProject
Global
	GlobalSection(SolutionConfigurationPlatforms) = preSolution
		Debug|Any CPU = Debug|Any CPU
		Release|Any CPU = Release|Any CPU
	EndGlobalSection
	GlobalSection(ProjectConfigurationPlatforms) = postSolution
		{4D458D3A-78D7-49AC-97F2-ADBEC9D6F677}.Debug|Any CPU.ActiveCfg = Debug|Any CPU
		{4D458D3A-78D7-49AC-97F2-ADBEC9D6F677}.Debug|Any CPU.Build.0 = Debug|Any CPU
		{4D458D3A-78D7-49AC-97F2-ADBEC9D6F677}.Release|Any CPU.ActiveCfg = Release|Any CPU
		{4D458D3A-78D7-49AC-97F2-ADBEC9D6F677}.Release|Any CPU.Build.0 = Release|Any CPU
	EndGlobalSection
	GlobalSection(SolutionProperties) = preSolution
		HideSolutionNode = FALSE
	EndGlobalSection
	GlobalSection(ExtensibilityGlobals) = postSolution
		SolutionGuid = {96BE8EA1-E31F-4F9C-BE70-974551E53179}
	EndGlobalSection
EndGlobal
